{
  "nodes": {
    "adf": {
      "inputs": {
        "c": "c",
        "flake-utils": "flake-utils",
        "nixpkgs": "nixpkgs",
        "uphack": "uphack"
      },
      "locked": {
        "lastModified": 1772098863,
        "narHash": "sha256-w3sBos/QwTSwLBuTKyKDCQlab6Sqf0hNh573mixasNs=",
        "owner": "yaitskov",
        "repo": "add-dependent-file",
        "rev": "7607b08cba9ecf9e218d1f8935244632790b6576",
        "type": "github"
      },
      "original": {
        "owner": "yaitskov",
        "repo": "add-dependent-file",
        "type": "github"
      }
    },
    "c": {
      "flake": false,
      "locked": {
        "narHash": "sha256-ctKNhBNRVW3cGsH7b6X/GrBWuLjvyNxD8UYWSiMJO64=",
        "type": "file",
        "url": "https://lficom.me/ghc/%22ghc9122%22"
      },
      "original": {
        "type": "file",
        "url": "https://lficom.me/ghc/%22ghc9122%22"
      }
    },
    "c_2": {
      "flake": false,
      "locked": {
        "narHash": "sha256-H4hDxDbzMlpGXx7r6uIT/8yqB+WSMgfUY8c66sVeIec=",
        "type": "file",
        "url": "https://lficom.me/ghc/%22ghc9122%22/static/false"
      },
      "original": {
        "type": "file",
        "url": "https://lficom.me/ghc/%22ghc9122%22/static/false"
      }
    },
    "flake-utils": {
      "inputs": {
        "systems": "systems"
      },
      "locked": {
        "lastModified": 1731533236,
        "narHash": "sha256-l0KFg5HjrsfsO/JpG+r7fRrqm12kzFHyUHqHCVpMMbI=",
        "owner": "numtide",
        "repo": "flake-utils",
        "rev": "11707dc2f618dd54ca8739b309ec4fc024de578b",
        "type": "github"
      },
      "original": {
        "owner": "numtide",
        "repo": "flake-utils",
        "type": "github"
      }
    },
    "flake-utils_2": {
      "inputs": {
        "systems": "systems_2"
      },
      "locked": {
        "lastModified": 1731533236,
        "narHash": "sha256-l0KFg5HjrsfsO/JpG+r7fRrqm12kzFHyUHqHCVpMMbI=",
        "owner": "numtide",
        "repo": "flake-utils",
        "rev": "11707dc2f618dd54ca8739b309ec4fc024de578b",
        "type": "github"
      },
      "original": {
        "owner": "numtide",
        "repo": "flake-utils",
        "type": "github"
      }
    },
    "hnix": {
      "flake": false,
      "locked": {
        "lastModified": 1770925770,
        "narHash": "sha256-TKrCmRafhyjftPeVj/Y9cyWNsCPAayJdvmjxsePoIaU=",
        "owner": "yaitskov",
        "repo": "hnix",
        "rev": "d893dccb3e3ffe17f2e3b331ef10680a4c2feb59",
        "type": "github"
      },
      "original": {
        "owner": "yaitskov",
        "ref": "rip-crytonite",
        "repo": "hnix",
        "type": "github"
      }
    },
    "hnix-store": {
      "flake": false,
      "locked": {
        "lastModified": 1770835349,
        "narHash": "sha256-++9g8bZUAbuvpRkAxhT6s6VPs3HQapl/beEoZ3HBI0s=",
        "ref": "cryptonite-ghost",
        "rev": "70f1645ef2032dca5440020090a4f5bcc4dae8ce",
        "revCount": 867,
        "submodules": true,
        "type": "git",
        "url": "https://github.com/yaitskov/hnix-store.git"
      },
      "original": {
        "ref": "cryptonite-ghost",
        "submodules": true,
        "type": "git",
        "url": "https://github.com/yaitskov/hnix-store.git"
      }
    },
    "nixpkgs": {
      "locked": {
        "lastModified": 1770195405,
        "narHash": "sha256-FTUS9GSw4KiOjAOmsarvRhTGEECUVd3NhBfzUytCuhE=",
        "owner": "NixOS",
        "repo": "nixpkgs",
        "rev": "bc16855ba53f3cb6851903a393e7073d1b5911e7",
        "type": "github"
      },
      "original": {
        "owner": "NixOS",
        "repo": "nixpkgs",
        "rev": "bc16855ba53f3cb6851903a393e7073d1b5911e7",
        "type": "github"
      }
    },
    "nixpkgs_2": {
      "locked": {
        "lastModified": 1770195405,
        "narHash": "sha256-FTUS9GSw4KiOjAOmsarvRhTGEECUVd3NhBfzUytCuhE=",
        "owner": "NixOS",
        "repo": "nixpkgs",
        "rev": "bc16855ba53f3cb6851903a393e7073d1b5911e7",
        "type": "github"
      },
      "original": {
        "owner": "NixOS",
        "repo": "nixpkgs",
        "rev": "bc16855ba53f3cb6851903a393e7073d1b5911e7",
        "type": "github"
      }
    },
    "ring-buffer": {
      "flake": false,
      "locked": {
        "lastModified": 1772950533,
        "narHash": "sha256-uoV0+rWfIbZEMdy7S/Js17xgyECjPijMSQj6pEL34Ac=",
        "owner": "yaitskov",
        "repo": "ring-buffer",
        "rev": "cc99ac63ba569298477ac0399ba542b32bffc8c0",
        "type": "github"
      },
      "original": {
        "owner": "yaitskov",
        "repo": "ring-buffer",
        "type": "github"
      }
    },
    "root": {
      "inputs": {
        "adf": "adf",
        "c": "c_2",
        "flake-utils": "flake-utils_2",
        "hnix": "hnix",
        "hnix-store": "hnix-store",
        "nixpkgs": "nixpkgs_2",
        "ring-buffer": "ring-buffer",
        "te": "te",
        "uphack": "uphack_2"
      }
    },
    "systems": {
      "locked": {
        "lastModified": 1681028828,
        "narHash": "sha256-Vy1rq5AaRuLzOxct8nz4T6wlgyUR7zLU309k9mBC768=",
        "owner": "nix-systems",
        "repo": "default",
        "rev": "da67096a3b9bf56a91d16901293e51ba5b49a27e",
        "type": "github"
      },
      "original": {
        "owner": "nix-systems",
        "repo": "default",
        "type": "github"
      }
    },
    "systems_2": {
      "locked": {
        "lastModified": 1681028828,
        "narHash": "sha256-Vy1rq5AaRuLzOxct8nz4T6wlgyUR7zLU309k9mBC768=",
        "owner": "nix-systems",
        "repo": "default",
        "rev": "da67096a3b9bf56a91d16901293e51ba5b49a27e",
        "type": "github"
      },
      "original": {
        "owner": "nix-systems",
        "repo": "default",
        "type": "github"
      }
    },
    "te": {
      "flake": false,
      "locked": {
        "lastModified": 1772121657,
        "narHash": "sha256-VjdDZ88ys7dv2YKmm02NK1MOiociYj+JnD034PanDKo=",
        "owner": "yaitskov",
        "repo": "trace-embrace",
        "rev": "6b1444eafe890a29686431dceeef5ad90a11c324",
        "type": "github"
      },
      "original": {
        "owner": "yaitskov",
        "repo": "trace-embrace",
        "type": "github"
      }
    },
    "uphack": {
      "flake": false,
      "locked": {
        "lastModified": 1757595711,
        "narHash": "sha256-9vOuWhJhPKnHBPZj/+6AJ7E0K2qezec7d8zW42n9j9o=",
        "owner": "yaitskov",
        "repo": "upload-doc-to-hackage",
        "rev": "29d4066f4f8a5a1a194d9b701f9b272dda85c3aa",
        "type": "github"
      },
      "original": {
        "owner": "yaitskov",
        "repo": "upload-doc-to-hackage",
        "type": "github"
      }
    },
    "uphack_2": {
      "flake": false,
      "locked": {
        "lastModified": 1757595711,
        "narHash": "sha256-9vOuWhJhPKnHBPZj/+6AJ7E0K2qezec7d8zW42n9j9o=",
        "owner": "yaitskov",
        "repo": "upload-doc-to-hackage",
        "rev": "29d4066f4f8a5a1a194d9b701f9b272dda85c3aa",
        "type": "github"
      },
      "original": {
        "owner": "yaitskov",
        "repo": "upload-doc-to-hackage",
        "type": "github"
      }
    }
  },
  "root": "root",
  "version": 7
}
